<?xml version="1.0" encoding="UTF-8" standalone="yes" ?>
<CodeBlocks_project_file>
	<FileVersion major="1" minor="6" />
	<Project>
		<Option title="Proy" />
		<Option pch_mode="2" />
		<Option compiler="gcc" />
		<Build>
			<Target title="Debug">
				<Option output="bin/Debug/Proy" prefix_auto="1" extension_auto="1" />
				<Option object_output="obj/Debug/" />
				<Option type="1" />
				<Option compiler="gcc" />
				<Compiler>
					<Add option="-g" />
				</Compiler>
			</Target>
			<Target title="Release">
				<Option output="bin/Release/Proy" prefix_auto="1" extension_auto="1" />
				<Option object_output="obj/Release/" />
				<Option type="1" />
				<Option compiler="gcc" />
				<Compiler>
					<Add option="-O2" />
				</Compiler>
				<Linker>
					<Add option="-s" />
				</Linker>
			</Target>
		</Build>
		<Compiler>
			<Add option="-Wall" />
		</Compiler>
		<Unit filename="MENU.c">
			<Option compilerVar="CC" />
		</Unit>
		<Unit filename="MENU.h" />
		<Unit filename="character.c">
			<Option compilerVar="CC" />
		</Unit>
		<Unit filename="character.h" />
		<Unit filename="character_collection.c">
			<Option compilerVar="CC" />
		</Unit>
		<Unit filename="character_collection.h" />
		<Unit filename="character_manager.c">
			<Option compilerVar="CC" />
		</Unit>
		<Unit filename="character_manager.h" />
		<Unit filename="character_stats.c">
			<Option compilerVar="CC" />
		</Unit>
		<Unit filename="character_stats.h" />
		<Unit filename="character_template.c">
			<Option compilerVar="CC" />
		</Unit>
		<Unit filename="character_template.h" />
		<Unit filename="cutscene.h" />
		<Unit filename="enemy.c">
			<Option compilerVar="CC" />
		</Unit>
		<Unit filename="enemy.h" />
		<Unit filename="enemy_collection.c">
			<Option compilerVar="CC" />
		</Unit>
		<Unit filename="enemy_collection.h" />
		<Unit filename="equipamiento.c">
			<Option compilerVar="CC" />
		</Unit>
		<Unit filename="equipamiento.h" />
		<Unit filename="game_manager.c">
			<Option compilerVar="CC" />
		</Unit>
		<Unit filename="game_manager.h" />
		<Unit filename="inventario.c">
			<Option compilerVar="CC" />
		</Unit>
		<Unit filename="inventario.h" />
		<Unit filename="item.c">
			<Option compilerVar="CC" />
		</Unit>
		<Unit filename="item.h" />
		<Unit filename="item_collection.c">
			<Option compilerVar="CC" />
		</Unit>
		<Unit filename="item_collection.h" />
		<Unit filename="lector_de_texto.c">
			<Option compilerVar="CC" />
		</Unit>
		<Unit filename="lector_de_texto.h" />
		<Unit filename="main.c">
			<Option compilerVar="CC" />
		</Unit>
		<Unit filename="movement.h" />
		<Unit filename="movement_collection.c">
			<Option compilerVar="CC" />
		</Unit>
		<Unit filename="movement_collection.h" />
		<Unit filename="nodo.c">
			<Option compilerVar="CC" />
		</Unit>
		<Unit filename="nodo.h" />
		<Unit filename="nodo_values.h" />
		<Unit filename="party.c">
			<Option compilerVar="CC" />
		</Unit>
		<Unit filename="party.h" />
		<Unit filename="texto_condicionales.c">
			<Option compilerVar="CC" />
		</Unit>
		<Unit filename="texto_condicionales.h" />
		<Extensions />
	</Project>
</CodeBlocks_project_file>
